
Microsoft Visual Studio Solution File, Format Version 12.00
# Visual Studio Version 16
VisualStudioVersion = 16.0.29709.97
MinimumVisualStudioVersion = 10.0.40219.1
Project("{FAE04EC0-301F-11D3-BF4B-00C04F79EFBC}") = "pokemon", "pokemon.csproj", "{7D110D03-0CD7-475D-913F-9B3C42AE000A}"
EndProject
Global
	GlobalSection(SolutionConfigurationPlatforms) = preSolution
		Debug|Any CPU = Debug|Any CPU
		Release|Any CPU = Release|Any CPU
	EndGlobalSection
	GlobalSection(ProjectConfigurationPlatforms) = postSolution
		{7D110D03-0CD7-475D-913F-9B3C42AE000A}.Debug|Any CPU.ActiveCfg = Debug|Any CPU
		{7D110D03-0CD7-475D-913F-9B3C42AE000A}.Debug|Any CPU.Build.0 = Debug|Any CPU
		{7D110D03-0CD7-475D-913F-9B3C42AE000A}.Release|Any CPU.ActiveCfg = Release|Any CPU
		{7D110D03-0CD7-475D-913F-9B3C42AE000A}.Release|Any CPU.Build.0 = Release|Any CPU
	EndGlobalSection
	GlobalSection(SolutionProperties) = preSolution
		HideSolutionNode = FALSE
	EndGlobalSection
	GlobalSection(ExtensibilityGlobals) = postSolution
		SolutionGuid = {0C612A64-94B5-4B23-8CB2-A3F2104F64A4}
	EndGlobalSection
EndGlobal
